
Microsoft Visual Studio Solution File, Format Version 12.00
# Visual Studio Version 17
VisualStudioVersion = 17.0.31612.314
MinimumVisualStudioVersion = 10.0.40219.1
Project("{FAE04EC0-301F-11D3-BF4B-00C04F79EFBC}") = "Figures.Lib", "Figures.Lib\Figures.Lib.csproj", "{E1361212-F32E-4995-BAAD-4373FBFBB226}"
EndProject
Project("{FAE04EC0-301F-11D3-BF4B-00C04F79EFBC}") = "Figures.Test", "Figures.Test\Figures.Test.csproj", "{D20DD4BE-A0FB-4E3F-8B75-84288CEE585F}"
EndProject
Global
	GlobalSection(SolutionConfigurationPlatforms) = preSolution
		Debug|Any CPU = Debug|Any CPU
		Release|Any CPU = Release|Any CPU
	EndGlobalSection
	GlobalSection(ProjectConfigurationPlatforms) = postSolution
		{E1361212-F32E-4995-BAAD-4373FBFBB226}.Debug|Any CPU.ActiveCfg = Debug|Any CPU
		{E1361212-F32E-4995-BAAD-4373FBFBB226}.Debug|Any CPU.Build.0 = Debug|Any CPU
		{E1361212-F32E-4995-BAAD-4373FBFBB226}.Release|Any CPU.ActiveCfg = Release|Any CPU
		{E1361212-F32E-4995-BAAD-4373FBFBB226}.Release|Any CPU.Build.0 = Release|Any CPU
		{D20DD4BE-A0FB-4E3F-8B75-84288CEE585F}.Debug|Any CPU.ActiveCfg = Debug|Any CPU
		{D20DD4BE-A0FB-4E3F-8B75-84288CEE585F}.Debug|Any CPU.Build.0 = Debug|Any CPU
		{D20DD4BE-A0FB-4E3F-8B75-84288CEE585F}.Release|Any CPU.ActiveCfg = Release|Any CPU
		{D20DD4BE-A0FB-4E3F-8B75-84288CEE585F}.Release|Any CPU.Build.0 = Release|Any CPU
	EndGlobalSection
	GlobalSection(SolutionProperties) = preSolution
		HideSolutionNode = FALSE
	EndGlobalSection
	GlobalSection(ExtensibilityGlobals) = postSolution
		SolutionGuid = {4A1A673E-DC60-455A-B182-55AF73301A5E}
	EndGlobalSection
EndGlobal
